// !$*UTF8*$!
{
	archiveVersion = 1;
	classes = {
	};
	objectVersion = 50;
	objects = {

/* Begin PBXBuildFile section */
		2E0CD7B122E9BE1C001E80D3 /* HobbyDetailViewController.swift in Sources */ = {isa = PBXBuildFile; fileRef = 2E0CD7B022E9BE1C001E80D3 /* HobbyDetailViewController.swift */; };
		2E1329A822D74B790060A3A1 /* HobbyTableViewCell.swift in Sources */ = {isa = PBXBuildFile; fileRef = 2E1329A722D74B790060A3A1 /* HobbyTableViewCell.swift */; };
		2EB9E13222DDFF560024AA16 /* Roboto-Bold.ttf in Resources */ = {isa = PBXBuildFile; fileRef = 2EB9E13122DDFF560024AA16 /* Roboto-Bold.ttf */; };
		2EB9E13322DDFF560024AA16 /* Roboto-Bold.ttf in Resources */ = {isa = PBXBuildFile; fileRef = 2EB9E13122DDFF560024AA16 /* Roboto-Bold.ttf */; };
		2EB9E13422DDFF560024AA16 /* Roboto-Bold.ttf in Resources */ = {isa = PBXBuildFile; fileRef = 2EB9E13122DDFF560024AA16 /* Roboto-Bold.ttf */; };
		2EB9E13622DDFF620024AA16 /* Roboto-Medium.ttf in Resources */ = {isa = PBXBuildFile; fileRef = 2EB9E13522DDFF620024AA16 /* Roboto-Medium.ttf */; };
		2EB9E13722DDFF620024AA16 /* Roboto-Medium.ttf in Resources */ = {isa = PBXBuildFile; fileRef = 2EB9E13522DDFF620024AA16 /* Roboto-Medium.ttf */; };
		2EB9E13822DDFF620024AA16 /* Roboto-Medium.ttf in Resources */ = {isa = PBXBuildFile; fileRef = 2EB9E13522DDFF620024AA16 /* Roboto-Medium.ttf */; };
		2EB9E13A22DDFF6C0024AA16 /* Roboto-Regular.ttf in Resources */ = {isa = PBXBuildFile; fileRef = 2EB9E13922DDFF6C0024AA16 /* Roboto-Regular.ttf */; };
		2EB9E13B22DDFF6C0024AA16 /* Roboto-Regular.ttf in Resources */ = {isa = PBXBuildFile; fileRef = 2EB9E13922DDFF6C0024AA16 /* Roboto-Regular.ttf */; };
		2EB9E13C22DDFF6C0024AA16 /* Roboto-Regular.ttf in Resources */ = {isa = PBXBuildFile; fileRef = 2EB9E13922DDFF6C0024AA16 /* Roboto-Regular.ttf */; };
		2EB9E13E22DDFF770024AA16 /* Roboto-Light.ttf in Resources */ = {isa = PBXBuildFile; fileRef = 2EB9E13D22DDFF770024AA16 /* Roboto-Light.ttf */; };
		2EB9E13F22DDFF770024AA16 /* Roboto-Light.ttf in Resources */ = {isa = PBXBuildFile; fileRef = 2EB9E13D22DDFF770024AA16 /* Roboto-Light.ttf */; };
		2EB9E14022DDFF770024AA16 /* Roboto-Light.ttf in Resources */ = {isa = PBXBuildFile; fileRef = 2EB9E13D22DDFF770024AA16 /* Roboto-Light.ttf */; };
		3117AEA522F01497001686DC /* LocationData.swift in Sources */ = {isa = PBXBuildFile; fileRef = 3117AEA422F01497001686DC /* LocationData.swift */; };
		3117AEA922F04EA2001686DC /* Config.swift in Sources */ = {isa = PBXBuildFile; fileRef = 3117AEA822F04EA2001686DC /* Config.swift */; };
		3117AEAC22F2CFC2001686DC /* HPAlert.swift in Sources */ = {isa = PBXBuildFile; fileRef = 3117AEAB22F2CFC2001686DC /* HPAlert.swift */; };
		3117AEB022FC2013001686DC /* FilterViewController.swift in Sources */ = {isa = PBXBuildFile; fileRef = 3117AEAF22FC2013001686DC /* FilterViewController.swift */; };
		3117AEB222FC2FC4001686DC /* SelectedCategoriesContainerView.swift in Sources */ = {isa = PBXBuildFile; fileRef = 3117AEB122FC2FC4001686DC /* SelectedCategoriesContainerView.swift */; };
		3117AEB422FD393C001686DC /* CategoryListViewController.swift in Sources */ = {isa = PBXBuildFile; fileRef = 3117AEB322FD393C001686DC /* CategoryListViewController.swift */; };
		3117AEB622FD5940001686DC /* CategoryData.swift in Sources */ = {isa = PBXBuildFile; fileRef = 3117AEB522FD5940001686DC /* CategoryData.swift */; };
		3117AEB822FD5AD9001686DC /* CategoryFilterTableViewCell.swift in Sources */ = {isa = PBXBuildFile; fileRef = 3117AEB722FD5AD9001686DC /* CategoryFilterTableViewCell.swift */; };
		31CE400222B0E2A700EEAF78 /* AppDelegate.swift in Sources */ = {isa = PBXBuildFile; fileRef = 31CE400122B0E2A700EEAF78 /* AppDelegate.swift */; };
		31CE400422B0E2A700EEAF78 /* HomeViewController.swift in Sources */ = {isa = PBXBuildFile; fileRef = 31CE400322B0E2A700EEAF78 /* HomeViewController.swift */; };
		31CE400922B0E2A700EEAF78 /* Main.storyboard in Resources */ = {isa = PBXBuildFile; fileRef = 31CE400722B0E2A700EEAF78 /* Main.storyboard */; };
		31CE400B22B0E2A900EEAF78 /* Assets.xcassets in Resources */ = {isa = PBXBuildFile; fileRef = 31CE400A22B0E2A900EEAF78 /* Assets.xcassets */; };
		31CE400E22B0E2A900EEAF78 /* LaunchScreen.storyboard in Resources */ = {isa = PBXBuildFile; fileRef = 31CE400C22B0E2A900EEAF78 /* LaunchScreen.storyboard */; };
		31CE401922B0E2AA00EEAF78 /* HarrastuspassiTests.swift in Sources */ = {isa = PBXBuildFile; fileRef = 31CE401822B0E2AA00EEAF78 /* HarrastuspassiTests.swift */; };
		31CE402422B0E2AA00EEAF78 /* HarrastuspassiUITests.swift in Sources */ = {isa = PBXBuildFile; fileRef = 31CE402322B0E2AA00EEAF78 /* HarrastuspassiUITests.swift */; };
		31CE403222B0E6AC00EEAF78 /* AnimatedTabBarController.swift in Sources */ = {isa = PBXBuildFile; fileRef = 31CE403122B0E6AC00EEAF78 /* AnimatedTabBarController.swift */; };
		31CE403522B2118500EEAF78 /* HobbyEventData.swift in Sources */ = {isa = PBXBuildFile; fileRef = 31CE403422B2118500EEAF78 /* HobbyEventData.swift */; };
		51EB0CF575D5A7DC02F242E9 /* libPods-Harrastuspassi.a in Frameworks */ = {isa = PBXBuildFile; fileRef = A139C270AD13F19FE0834903 /* libPods-Harrastuspassi.a */; };
/* End PBXBuildFile section */

/* Begin PBXContainerItemProxy section */
		31CE401522B0E2AA00EEAF78 /* PBXContainerItemProxy */ = {
			isa = PBXContainerItemProxy;
			containerPortal = 31CE3FF622B0E2A700EEAF78 /* Project object */;
			proxyType = 1;
			remoteGlobalIDString = 31CE3FFD22B0E2A700EEAF78;
			remoteInfo = Harrastuspassi;
		};
		31CE402022B0E2AA00EEAF78 /* PBXContainerItemProxy */ = {
			isa = PBXContainerItemProxy;
			containerPortal = 31CE3FF622B0E2A700EEAF78 /* Project object */;
			proxyType = 1;
			remoteGlobalIDString = 31CE3FFD22B0E2A700EEAF78;
			remoteInfo = Harrastuspassi;
		};
/* End PBXContainerItemProxy section */

/* Begin PBXFileReference section */
		1E22FA57BC449116BC77D138 /* Pods-Harrastuspassi.debug.xcconfig */ = {isa = PBXFileReference; includeInIndex = 1; lastKnownFileType = text.xcconfig; name = "Pods-Harrastuspassi.debug.xcconfig"; path = "Pods/Target Support Files/Pods-Harrastuspassi/Pods-Harrastuspassi.debug.xcconfig"; sourceTree = "<group>"; };
		2E0CD7B022E9BE1C001E80D3 /* HobbyDetailViewController.swift */ = {isa = PBXFileReference; lastKnownFileType = sourcecode.swift; path = HobbyDetailViewController.swift; sourceTree = "<group>"; };
		2E1329A722D74B790060A3A1 /* HobbyTableViewCell.swift */ = {isa = PBXFileReference; lastKnownFileType = sourcecode.swift; path = HobbyTableViewCell.swift; sourceTree = "<group>"; };
		2EB9E13122DDFF560024AA16 /* Roboto-Bold.ttf */ = {isa = PBXFileReference; lastKnownFileType = file; path = "Roboto-Bold.ttf"; sourceTree = "<group>"; };
		2EB9E13522DDFF620024AA16 /* Roboto-Medium.ttf */ = {isa = PBXFileReference; lastKnownFileType = file; path = "Roboto-Medium.ttf"; sourceTree = "<group>"; };
		2EB9E13922DDFF6C0024AA16 /* Roboto-Regular.ttf */ = {isa = PBXFileReference; lastKnownFileType = file; path = "Roboto-Regular.ttf"; sourceTree = "<group>"; };
		2EB9E13D22DDFF770024AA16 /* Roboto-Light.ttf */ = {isa = PBXFileReference; lastKnownFileType = file; path = "Roboto-Light.ttf"; sourceTree = "<group>"; };
		3117AEA422F01497001686DC /* LocationData.swift */ = {isa = PBXFileReference; lastKnownFileType = sourcecode.swift; path = LocationData.swift; sourceTree = "<group>"; };
		3117AEA822F04EA2001686DC /* Config.swift */ = {isa = PBXFileReference; lastKnownFileType = sourcecode.swift; path = Config.swift; sourceTree = "<group>"; };
		3117AEAB22F2CFC2001686DC /* HPAlert.swift */ = {isa = PBXFileReference; lastKnownFileType = sourcecode.swift; path = HPAlert.swift; sourceTree = "<group>"; };
		3117AEAF22FC2013001686DC /* FilterViewController.swift */ = {isa = PBXFileReference; lastKnownFileType = sourcecode.swift; path = FilterViewController.swift; sourceTree = "<group>"; };
		3117AEB122FC2FC4001686DC /* SelectedCategoriesContainerView.swift */ = {isa = PBXFileReference; lastKnownFileType = sourcecode.swift; path = SelectedCategoriesContainerView.swift; sourceTree = "<group>"; };
		3117AEB322FD393C001686DC /* CategoryListViewController.swift */ = {isa = PBXFileReference; lastKnownFileType = sourcecode.swift; path = CategoryListViewController.swift; sourceTree = "<group>"; };
		3117AEB522FD5940001686DC /* CategoryData.swift */ = {isa = PBXFileReference; lastKnownFileType = sourcecode.swift; path = CategoryData.swift; sourceTree = "<group>"; };
		3117AEB722FD5AD9001686DC /* CategoryFilterTableViewCell.swift */ = {isa = PBXFileReference; lastKnownFileType = sourcecode.swift; path = CategoryFilterTableViewCell.swift; sourceTree = "<group>"; };
		31CE3FFE22B0E2A700EEAF78 /* Harrastuspassi.app */ = {isa = PBXFileReference; explicitFileType = wrapper.application; includeInIndex = 0; path = Harrastuspassi.app; sourceTree = BUILT_PRODUCTS_DIR; };
		31CE400122B0E2A700EEAF78 /* AppDelegate.swift */ = {isa = PBXFileReference; lastKnownFileType = sourcecode.swift; path = AppDelegate.swift; sourceTree = "<group>"; };
		31CE400322B0E2A700EEAF78 /* HomeViewController.swift */ = {isa = PBXFileReference; lastKnownFileType = sourcecode.swift; path = HomeViewController.swift; sourceTree = "<group>"; };
		31CE400822B0E2A700EEAF78 /* Base */ = {isa = PBXFileReference; lastKnownFileType = file.storyboard; name = Base; path = Base.lproj/Main.storyboard; sourceTree = "<group>"; };
		31CE400A22B0E2A900EEAF78 /* Assets.xcassets */ = {isa = PBXFileReference; lastKnownFileType = folder.assetcatalog; path = Assets.xcassets; sourceTree = "<group>"; };
		31CE400D22B0E2A900EEAF78 /* Base */ = {isa = PBXFileReference; lastKnownFileType = file.storyboard; name = Base; path = Base.lproj/LaunchScreen.storyboard; sourceTree = "<group>"; };
		31CE400F22B0E2A900EEAF78 /* Info.plist */ = {isa = PBXFileReference; lastKnownFileType = text.plist.xml; path = Info.plist; sourceTree = "<group>"; };
		31CE401422B0E2AA00EEAF78 /* HarrastuspassiTests.xctest */ = {isa = PBXFileReference; explicitFileType = wrapper.cfbundle; includeInIndex = 0; path = HarrastuspassiTests.xctest; sourceTree = BUILT_PRODUCTS_DIR; };
		31CE401822B0E2AA00EEAF78 /* HarrastuspassiTests.swift */ = {isa = PBXFileReference; lastKnownFileType = sourcecode.swift; path = HarrastuspassiTests.swift; sourceTree = "<group>"; };
		31CE401A22B0E2AA00EEAF78 /* Info.plist */ = {isa = PBXFileReference; lastKnownFileType = text.plist.xml; path = Info.plist; sourceTree = "<group>"; };
		31CE401F22B0E2AA00EEAF78 /* HarrastuspassiUITests.xctest */ = {isa = PBXFileReference; explicitFileType = wrapper.cfbundle; includeInIndex = 0; path = HarrastuspassiUITests.xctest; sourceTree = BUILT_PRODUCTS_DIR; };
		31CE402322B0E2AA00EEAF78 /* HarrastuspassiUITests.swift */ = {isa = PBXFileReference; lastKnownFileType = sourcecode.swift; path = HarrastuspassiUITests.swift; sourceTree = "<group>"; };
		31CE402522B0E2AA00EEAF78 /* Info.plist */ = {isa = PBXFileReference; lastKnownFileType = text.plist.xml; path = Info.plist; sourceTree = "<group>"; };
		31CE403122B0E6AC00EEAF78 /* AnimatedTabBarController.swift */ = {isa = PBXFileReference; lastKnownFileType = sourcecode.swift; path = AnimatedTabBarController.swift; sourceTree = "<group>"; };
		31CE403422B2118500EEAF78 /* HobbyEventData.swift */ = {isa = PBXFileReference; lastKnownFileType = sourcecode.swift; path = HobbyEventData.swift; sourceTree = "<group>"; };
		5D7ACE3BCF49CC1E3F90F1F9 /* Pods-Harrastuspassi.release.xcconfig */ = {isa = PBXFileReference; includeInIndex = 1; lastKnownFileType = text.xcconfig; name = "Pods-Harrastuspassi.release.xcconfig"; path = "Pods/Target Support Files/Pods-Harrastuspassi/Pods-Harrastuspassi.release.xcconfig"; sourceTree = "<group>"; };
		A139C270AD13F19FE0834903 /* libPods-Harrastuspassi.a */ = {isa = PBXFileReference; explicitFileType = archive.ar; includeInIndex = 0; path = "libPods-Harrastuspassi.a"; sourceTree = BUILT_PRODUCTS_DIR; };
/* End PBXFileReference section */

/* Begin PBXFrameworksBuildPhase section */
		31CE3FFB22B0E2A700EEAF78 /* Frameworks */ = {
			isa = PBXFrameworksBuildPhase;
			buildActionMask = 2147483647;
			files = (
				51EB0CF575D5A7DC02F242E9 /* libPods-Harrastuspassi.a in Frameworks */,
			);
			runOnlyForDeploymentPostprocessing = 0;
		};
		31CE401122B0E2AA00EEAF78 /* Frameworks */ = {
			isa = PBXFrameworksBuildPhase;
			buildActionMask = 2147483647;
			files = (
			);
			runOnlyForDeploymentPostprocessing = 0;
		};
		31CE401C22B0E2AA00EEAF78 /* Frameworks */ = {
			isa = PBXFrameworksBuildPhase;
			buildActionMask = 2147483647;
			files = (
			);
			runOnlyForDeploymentPostprocessing = 0;
		};
/* End PBXFrameworksBuildPhase section */

/* Begin PBXGroup section */
		0ACF1A2A550E2DDFA7B7D986 /* Frameworks */ = {
			isa = PBXGroup;
			children = (
				A139C270AD13F19FE0834903 /* libPods-Harrastuspassi.a */,
			);
			name = Frameworks;
			sourceTree = "<group>";
		};
		2E6029AF22DDC75700AC665B /* Controllers */ = {
			isa = PBXGroup;
			children = (
				31CE400322B0E2A700EEAF78 /* HomeViewController.swift */,
				31CE403122B0E6AC00EEAF78 /* AnimatedTabBarController.swift */,
				2E0CD7B022E9BE1C001E80D3 /* HobbyDetailViewController.swift */,
				3117AEAF22FC2013001686DC /* FilterViewController.swift */,
				3117AEB322FD393C001686DC /* CategoryListViewController.swift */,
			);
			path = Controllers;
			sourceTree = "<group>";
		};
		2E6029B022DDC77400AC665B /* Views */ = {
			isa = PBXGroup;
			children = (
				2E1329A722D74B790060A3A1 /* HobbyTableViewCell.swift */,
				3117AEB122FC2FC4001686DC /* SelectedCategoriesContainerView.swift */,
				3117AEB722FD5AD9001686DC /* CategoryFilterTableViewCell.swift */,
			);
			path = Views;
			sourceTree = "<group>";
		};
		2EB9E13022DDFF060024AA16 /* Fonts */ = {
			isa = PBXGroup;
			children = (
				2EB9E13522DDFF620024AA16 /* Roboto-Medium.ttf */,
				2EB9E13D22DDFF770024AA16 /* Roboto-Light.ttf */,
				2EB9E13922DDFF6C0024AA16 /* Roboto-Regular.ttf */,
				2EB9E13122DDFF560024AA16 /* Roboto-Bold.ttf */,
			);
			path = Fonts;
			sourceTree = "<group>";
		};
		3117AEAA22F2CF96001686DC /* Utils */ = {
			isa = PBXGroup;
			children = (
				3117AEAB22F2CFC2001686DC /* HPAlert.swift */,
			);
			path = Utils;
			sourceTree = "<group>";
		};
		31CE3FF522B0E2A700EEAF78 = {
			isa = PBXGroup;
			children = (
				31CE400022B0E2A700EEAF78 /* Harrastuspassi */,
				31CE401722B0E2AA00EEAF78 /* HarrastuspassiTests */,
				31CE402222B0E2AA00EEAF78 /* HarrastuspassiUITests */,
				31CE3FFF22B0E2A700EEAF78 /* Products */,
				5627CD0804CDF7A5ED3A5F2D /* Pods */,
				0ACF1A2A550E2DDFA7B7D986 /* Frameworks */,
			);
			sourceTree = "<group>";
		};
		31CE3FFF22B0E2A700EEAF78 /* Products */ = {
			isa = PBXGroup;
			children = (
				31CE3FFE22B0E2A700EEAF78 /* Harrastuspassi.app */,
				31CE401422B0E2AA00EEAF78 /* HarrastuspassiTests.xctest */,
				31CE401F22B0E2AA00EEAF78 /* HarrastuspassiUITests.xctest */,
			);
			name = Products;
			sourceTree = "<group>";
		};
		31CE400022B0E2A700EEAF78 /* Harrastuspassi */ = {
			isa = PBXGroup;
			children = (
				3117AEAA22F2CF96001686DC /* Utils */,
				2EB9E13022DDFF060024AA16 /* Fonts */,
				2E6029B022DDC77400AC665B /* Views */,
				2E6029AF22DDC75700AC665B /* Controllers */,
				31CE403322B210EE00EEAF78 /* Models */,
				31CE400122B0E2A700EEAF78 /* AppDelegate.swift */,
				31CE400722B0E2A700EEAF78 /* Main.storyboard */,
				31CE400A22B0E2A900EEAF78 /* Assets.xcassets */,
				31CE400C22B0E2A900EEAF78 /* LaunchScreen.storyboard */,
				31CE400F22B0E2A900EEAF78 /* Info.plist */,
				3117AEA822F04EA2001686DC /* Config.swift */,
			);
			path = Harrastuspassi;
			sourceTree = "<group>";
		};
		31CE401722B0E2AA00EEAF78 /* HarrastuspassiTests */ = {
			isa = PBXGroup;
			children = (
				31CE401822B0E2AA00EEAF78 /* HarrastuspassiTests.swift */,
				31CE401A22B0E2AA00EEAF78 /* Info.plist */,
			);
			path = HarrastuspassiTests;
			sourceTree = "<group>";
		};
		31CE402222B0E2AA00EEAF78 /* HarrastuspassiUITests */ = {
			isa = PBXGroup;
			children = (
				31CE402322B0E2AA00EEAF78 /* HarrastuspassiUITests.swift */,
				31CE402522B0E2AA00EEAF78 /* Info.plist */,
			);
			path = HarrastuspassiUITests;
			sourceTree = "<group>";
		};
		31CE403322B210EE00EEAF78 /* Models */ = {
			isa = PBXGroup;
			children = (
				31CE403422B2118500EEAF78 /* HobbyEventData.swift */,
				3117AEA422F01497001686DC /* LocationData.swift */,
				3117AEB522FD5940001686DC /* CategoryData.swift */,
			);
			path = Models;
			sourceTree = "<group>";
		};
		5627CD0804CDF7A5ED3A5F2D /* Pods */ = {
			isa = PBXGroup;
			children = (
				1E22FA57BC449116BC77D138 /* Pods-Harrastuspassi.debug.xcconfig */,
				5D7ACE3BCF49CC1E3F90F1F9 /* Pods-Harrastuspassi.release.xcconfig */,
			);
			name = Pods;
			sourceTree = "<group>";
		};
/* End PBXGroup section */

/* Begin PBXNativeTarget section */
		31CE3FFD22B0E2A700EEAF78 /* Harrastuspassi */ = {
			isa = PBXNativeTarget;
			buildConfigurationList = 31CE402822B0E2AA00EEAF78 /* Build configuration list for PBXNativeTarget "Harrastuspassi" */;
			buildPhases = (
				BA3A2D2D2AD01F6DF882A1D2 /* [CP] Check Pods Manifest.lock */,
				31CE3FFA22B0E2A700EEAF78 /* Sources */,
				31CE3FFB22B0E2A700EEAF78 /* Frameworks */,
				31CE3FFC22B0E2A700EEAF78 /* Resources */,
				59DF95283B26AC3345B8F88E /* [CP] Copy Pods Resources */,
			);
			buildRules = (
			);
			dependencies = (
			);
			name = Harrastuspassi;
			productName = Harrastuspassi;
			productReference = 31CE3FFE22B0E2A700EEAF78 /* Harrastuspassi.app */;
			productType = "com.apple.product-type.application";
		};
		31CE401322B0E2AA00EEAF78 /* HarrastuspassiTests */ = {
			isa = PBXNativeTarget;
			buildConfigurationList = 31CE402B22B0E2AA00EEAF78 /* Build configuration list for PBXNativeTarget "HarrastuspassiTests" */;
			buildPhases = (
				31CE401022B0E2AA00EEAF78 /* Sources */,
				31CE401122B0E2AA00EEAF78 /* Frameworks */,
				31CE401222B0E2AA00EEAF78 /* Resources */,
			);
			buildRules = (
			);
			dependencies = (
				31CE401622B0E2AA00EEAF78 /* PBXTargetDependency */,
			);
			name = HarrastuspassiTests;
			productName = HarrastuspassiTests;
			productReference = 31CE401422B0E2AA00EEAF78 /* HarrastuspassiTests.xctest */;
			productType = "com.apple.product-type.bundle.unit-test";
		};
		31CE401E22B0E2AA00EEAF78 /* HarrastuspassiUITests */ = {
			isa = PBXNativeTarget;
			buildConfigurationList = 31CE402E22B0E2AA00EEAF78 /* Build configuration list for PBXNativeTarget "HarrastuspassiUITests" */;
			buildPhases = (
				31CE401B22B0E2AA00EEAF78 /* Sources */,
				31CE401C22B0E2AA00EEAF78 /* Frameworks */,
				31CE401D22B0E2AA00EEAF78 /* Resources */,
			);
			buildRules = (
			);
			dependencies = (
				31CE402122B0E2AA00EEAF78 /* PBXTargetDependency */,
			);
			name = HarrastuspassiUITests;
			productName = HarrastuspassiUITests;
			productReference = 31CE401F22B0E2AA00EEAF78 /* HarrastuspassiUITests.xctest */;
			productType = "com.apple.product-type.bundle.ui-testing";
		};
/* End PBXNativeTarget section */

/* Begin PBXProject section */
		31CE3FF622B0E2A700EEAF78 /* Project object */ = {
			isa = PBXProject;
			attributes = {
				LastSwiftUpdateCheck = 1020;
				LastUpgradeCheck = 1020;
				ORGANIZATIONNAME = Haltu;
				TargetAttributes = {
					31CE3FFD22B0E2A700EEAF78 = {
						CreatedOnToolsVersion = 10.2.1;
						LastSwiftMigration = 1030;
					};
					31CE401322B0E2AA00EEAF78 = {
						CreatedOnToolsVersion = 10.2.1;
						LastSwiftMigration = 1030;
						TestTargetID = 31CE3FFD22B0E2A700EEAF78;
					};
					31CE401E22B0E2AA00EEAF78 = {
						CreatedOnToolsVersion = 10.2.1;
						LastSwiftMigration = 1030;
						TestTargetID = 31CE3FFD22B0E2A700EEAF78;
					};
				};
			};
			buildConfigurationList = 31CE3FF922B0E2A700EEAF78 /* Build configuration list for PBXProject "Harrastuspassi" */;
			compatibilityVersion = "Xcode 9.3";
			developmentRegion = en;
			hasScannedForEncodings = 0;
			knownRegions = (
				en,
				Base,
			);
			mainGroup = 31CE3FF522B0E2A700EEAF78;
			productRefGroup = 31CE3FFF22B0E2A700EEAF78 /* Products */;
			projectDirPath = "";
			projectRoot = "";
			targets = (
				31CE3FFD22B0E2A700EEAF78 /* Harrastuspassi */,
				31CE401322B0E2AA00EEAF78 /* HarrastuspassiTests */,
				31CE401E22B0E2AA00EEAF78 /* HarrastuspassiUITests */,
			);
		};
/* End PBXProject section */

/* Begin PBXResourcesBuildPhase section */
		31CE3FFC22B0E2A700EEAF78 /* Resources */ = {
			isa = PBXResourcesBuildPhase;
			buildActionMask = 2147483647;
			files = (
				31CE400E22B0E2A900EEAF78 /* LaunchScreen.storyboard in Resources */,
				2EB9E13A22DDFF6C0024AA16 /* Roboto-Regular.ttf in Resources */,
				31CE400B22B0E2A900EEAF78 /* Assets.xcassets in Resources */,
				2EB9E13622DDFF620024AA16 /* Roboto-Medium.ttf in Resources */,
				2EB9E13222DDFF560024AA16 /* Roboto-Bold.ttf in Resources */,
				31CE400922B0E2A700EEAF78 /* Main.storyboard in Resources */,
				2EB9E13E22DDFF770024AA16 /* Roboto-Light.ttf in Resources */,
			);
			runOnlyForDeploymentPostprocessing = 0;
		};
		31CE401222B0E2AA00EEAF78 /* Resources */ = {
			isa = PBXResourcesBuildPhase;
			buildActionMask = 2147483647;
			files = (
				2EB9E13B22DDFF6C0024AA16 /* Roboto-Regular.ttf in Resources */,
				2EB9E13722DDFF620024AA16 /* Roboto-Medium.ttf in Resources */,
				2EB9E13F22DDFF770024AA16 /* Roboto-Light.ttf in Resources */,
				2EB9E13322DDFF560024AA16 /* Roboto-Bold.ttf in Resources */,
			);
			runOnlyForDeploymentPostprocessing = 0;
		};
		31CE401D22B0E2AA00EEAF78 /* Resources */ = {
			isa = PBXResourcesBuildPhase;
			buildActionMask = 2147483647;
			files = (
				2EB9E13C22DDFF6C0024AA16 /* Roboto-Regular.ttf in Resources */,
				2EB9E13822DDFF620024AA16 /* Roboto-Medium.ttf in Resources */,
				2EB9E14022DDFF770024AA16 /* Roboto-Light.ttf in Resources */,
				2EB9E13422DDFF560024AA16 /* Roboto-Bold.ttf in Resources */,
			);
			runOnlyForDeploymentPostprocessing = 0;
		};
/* End PBXResourcesBuildPhase section */

/* Begin PBXShellScriptBuildPhase section */
		59DF95283B26AC3345B8F88E /* [CP] Copy Pods Resources */ = {
			isa = PBXShellScriptBuildPhase;
			buildActionMask = 2147483647;
			files = (
			);
			inputPaths = (
				"${SRCROOT}/Pods/Target Support Files/Pods-Harrastuspassi/Pods-Harrastuspassi-resources.sh",
				"${PODS_ROOT}/GoogleMaps/Maps/Frameworks/GoogleMaps.framework/Resources/GoogleMaps.bundle",
				"${PODS_ROOT}/GooglePlaces/Frameworks/GooglePlaces.framework/Resources/GooglePlaces.bundle",
			);
			name = "[CP] Copy Pods Resources";
			outputPaths = (
				"${TARGET_BUILD_DIR}/${UNLOCALIZED_RESOURCES_FOLDER_PATH}/GoogleMaps.bundle",
				"${TARGET_BUILD_DIR}/${UNLOCALIZED_RESOURCES_FOLDER_PATH}/GooglePlaces.bundle",
			);
			runOnlyForDeploymentPostprocessing = 0;
			shellPath = /bin/sh;
			shellScript = "\"${SRCROOT}/Pods/Target Support Files/Pods-Harrastuspassi/Pods-Harrastuspassi-resources.sh\"\n";
			showEnvVarsInLog = 0;
		};
		BA3A2D2D2AD01F6DF882A1D2 /* [CP] Check Pods Manifest.lock */ = {
			isa = PBXShellScriptBuildPhase;
			buildActionMask = 2147483647;
			files = (
			);
			inputPaths = (
				"${PODS_PODFILE_DIR_PATH}/Podfile.lock",
				"${PODS_ROOT}/Manifest.lock",
			);
			name = "[CP] Check Pods Manifest.lock";
			outputPaths = (
				"$(DERIVED_FILE_DIR)/Pods-Harrastuspassi-checkManifestLockResult.txt",
			);
			runOnlyForDeploymentPostprocessing = 0;
			shellPath = /bin/sh;
			shellScript = "diff \"${PODS_PODFILE_DIR_PATH}/Podfile.lock\" \"${PODS_ROOT}/Manifest.lock\" > /dev/null\nif [ $? != 0 ] ; then\n    # print error to STDERR\n    echo \"error: The sandbox is not in sync with the Podfile.lock. Run 'pod install' or update your CocoaPods installation.\" >&2\n    exit 1\nfi\n# This output is used by Xcode 'outputs' to avoid re-running this script phase.\necho \"SUCCESS\" > \"${SCRIPT_OUTPUT_FILE_0}\"\n";
			showEnvVarsInLog = 0;
		};
/* End PBXShellScriptBuildPhase section */

/* Begin PBXSourcesBuildPhase section */
		31CE3FFA22B0E2A700EEAF78 /* Sources */ = {
			isa = PBXSourcesBuildPhase;
			buildActionMask = 2147483647;
			files = (
				31CE403222B0E6AC00EEAF78 /* AnimatedTabBarController.swift in Sources */,
				3117AEB622FD5940001686DC /* CategoryData.swift in Sources */,
				2E1329A822D74B790060A3A1 /* HobbyTableViewCell.swift in Sources */,
				2E0CD7B122E9BE1C001E80D3 /* HobbyDetailViewController.swift in Sources */,
				31CE400222B0E2A700EEAF78 /* AppDelegate.swift in Sources */,
				3117AEB222FC2FC4001686DC /* SelectedCategoriesContainerView.swift in Sources */,
				3117AEB022FC2013001686DC /* FilterViewController.swift in Sources */,
				3117AEB822FD5AD9001686DC /* CategoryFilterTableViewCell.swift in Sources */,
				31CE403522B2118500EEAF78 /* HobbyEventData.swift in Sources */,
				3117AEA922F04EA2001686DC /* Config.swift in Sources */,
				3117AEB422FD393C001686DC /* CategoryListViewController.swift in Sources */,
				3117AEAC22F2CFC2001686DC /* HPAlert.swift in Sources */,
				31CE400422B0E2A700EEAF78 /* HomeViewController.swift in Sources */,
				3117AEA522F01497001686DC /* LocationData.swift in Sources */,
			);
			runOnlyForDeploymentPostprocessing = 0;
		};
		31CE401022B0E2AA00EEAF78 /* Sources */ = {
			isa = PBXSourcesBuildPhase;
			buildActionMask = 2147483647;
			files = (
				31CE401922B0E2AA00EEAF78 /* HarrastuspassiTests.swift in Sources */,
			);
			runOnlyForDeploymentPostprocessing = 0;
		};
		31CE401B22B0E2AA00EEAF78 /* Sources */ = {
			isa = PBXSourcesBuildPhase;
			buildActionMask = 2147483647;
			files = (
				31CE402422B0E2AA00EEAF78 /* HarrastuspassiUITests.swift in Sources */,
			);
			runOnlyForDeploymentPostprocessing = 0;
		};
/* End PBXSourcesBuildPhase section */

/* Begin PBXTargetDependency section */
		31CE401622B0E2AA00EEAF78 /* PBXTargetDependency */ = {
			isa = PBXTargetDependency;
			target = 31CE3FFD22B0E2A700EEAF78 /* Harrastuspassi */;
			targetProxy = 31CE401522B0E2AA00EEAF78 /* PBXContainerItemProxy */;
		};
		31CE402122B0E2AA00EEAF78 /* PBXTargetDependency */ = {
			isa = PBXTargetDependency;
			target = 31CE3FFD22B0E2A700EEAF78 /* Harrastuspassi */;
			targetProxy = 31CE402022B0E2AA00EEAF78 /* PBXContainerItemProxy */;
		};
/* End PBXTargetDependency section */

/* Begin PBXVariantGroup section */
		31CE400722B0E2A700EEAF78 /* Main.storyboard */ = {
			isa = PBXVariantGroup;
			children = (
				31CE400822B0E2A700EEAF78 /* Base */,
			);
			name = Main.storyboard;
			sourceTree = "<group>";
		};
		31CE400C22B0E2A900EEAF78 /* LaunchScreen.storyboard */ = {
			isa = PBXVariantGroup;
			children = (
				31CE400D22B0E2A900EEAF78 /* Base */,
			);
			name = LaunchScreen.storyboard;
			sourceTree = "<group>";
		};
/* End PBXVariantGroup section */

/* Begin XCBuildConfiguration section */
		31CE402622B0E2AA00EEAF78 /* Debug */ = {
			isa = XCBuildConfiguration;
			buildSettings = {
				ALWAYS_SEARCH_USER_PATHS = NO;
				CLANG_ANALYZER_NONNULL = YES;
				CLANG_ANALYZER_NUMBER_OBJECT_CONVERSION = YES_AGGRESSIVE;
				CLANG_CXX_LANGUAGE_STANDARD = "gnu++14";
				CLANG_CXX_LIBRARY = "libc++";
				CLANG_ENABLE_MODULES = YES;
				CLANG_ENABLE_OBJC_ARC = YES;
				CLANG_ENABLE_OBJC_WEAK = YES;
				CLANG_WARN_BLOCK_CAPTURE_AUTORELEASING = YES;
				CLANG_WARN_BOOL_CONVERSION = YES;
				CLANG_WARN_COMMA = YES;
				CLANG_WARN_CONSTANT_CONVERSION = YES;
				CLANG_WARN_DEPRECATED_OBJC_IMPLEMENTATIONS = YES;
				CLANG_WARN_DIRECT_OBJC_ISA_USAGE = YES_ERROR;
				CLANG_WARN_DOCUMENTATION_COMMENTS = YES;
				CLANG_WARN_EMPTY_BODY = YES;
				CLANG_WARN_ENUM_CONVERSION = YES;
				CLANG_WARN_INFINITE_RECURSION = YES;
				CLANG_WARN_INT_CONVERSION = YES;
				CLANG_WARN_NON_LITERAL_NULL_CONVERSION = YES;
				CLANG_WARN_OBJC_IMPLICIT_RETAIN_SELF = YES;
				CLANG_WARN_OBJC_LITERAL_CONVERSION = YES;
				CLANG_WARN_OBJC_ROOT_CLASS = YES_ERROR;
				CLANG_WARN_RANGE_LOOP_ANALYSIS = YES;
				CLANG_WARN_STRICT_PROTOTYPES = YES;
				CLANG_WARN_SUSPICIOUS_MOVE = YES;
				CLANG_WARN_UNGUARDED_AVAILABILITY = YES_AGGRESSIVE;
				CLANG_WARN_UNREACHABLE_CODE = YES;
				CLANG_WARN__DUPLICATE_METHOD_MATCH = YES;
				CODE_SIGN_IDENTITY = "iPhone Developer";
				COPY_PHASE_STRIP = NO;
				DEBUG_INFORMATION_FORMAT = dwarf;
				ENABLE_STRICT_OBJC_MSGSEND = YES;
				ENABLE_TESTABILITY = YES;
				GCC_C_LANGUAGE_STANDARD = gnu11;
				GCC_DYNAMIC_NO_PIC = NO;
				GCC_NO_COMMON_BLOCKS = YES;
				GCC_OPTIMIZATION_LEVEL = 0;
				GCC_PREPROCESSOR_DEFINITIONS = (
					"DEBUG=1",
					"$(inherited)",
				);
				GCC_WARN_64_TO_32_BIT_CONVERSION = YES;
				GCC_WARN_ABOUT_RETURN_TYPE = YES_ERROR;
				GCC_WARN_UNDECLARED_SELECTOR = YES;
				GCC_WARN_UNINITIALIZED_AUTOS = YES_AGGRESSIVE;
				GCC_WARN_UNUSED_FUNCTION = YES;
				GCC_WARN_UNUSED_VARIABLE = YES;
				IPHONEOS_DEPLOYMENT_TARGET = 12.2;
				MTL_ENABLE_DEBUG_INFO = INCLUDE_SOURCE;
				MTL_FAST_MATH = YES;
				ONLY_ACTIVE_ARCH = YES;
				SDKROOT = iphoneos;
				SWIFT_ACTIVE_COMPILATION_CONDITIONS = DEBUG;
				SWIFT_OPTIMIZATION_LEVEL = "-Onone";
				SWIFT_VERSION = 4.2;
			};
			name = Debug;
		};
		31CE402722B0E2AA00EEAF78 /* Release */ = {
			isa = XCBuildConfiguration;
			buildSettings = {
				ALWAYS_SEARCH_USER_PATHS = NO;
				CLANG_ANALYZER_NONNULL = YES;
				CLANG_ANALYZER_NUMBER_OBJECT_CONVERSION = YES_AGGRESSIVE;
				CLANG_CXX_LANGUAGE_STANDARD = "gnu++14";
				CLANG_CXX_LIBRARY = "libc++";
				CLANG_ENABLE_MODULES = YES;
				CLANG_ENABLE_OBJC_ARC = YES;
				CLANG_ENABLE_OBJC_WEAK = YES;
				CLANG_WARN_BLOCK_CAPTURE_AUTORELEASING = YES;
				CLANG_WARN_BOOL_CONVERSION = YES;
				CLANG_WARN_COMMA = YES;
				CLANG_WARN_CONSTANT_CONVERSION = YES;
				CLANG_WARN_DEPRECATED_OBJC_IMPLEMENTATIONS = YES;
				CLANG_WARN_DIRECT_OBJC_ISA_USAGE = YES_ERROR;
				CLANG_WARN_DOCUMENTATION_COMMENTS = YES;
				CLANG_WARN_EMPTY_BODY = YES;
				CLANG_WARN_ENUM_CONVERSION = YES;
				CLANG_WARN_INFINITE_RECURSION = YES;
				CLANG_WARN_INT_CONVERSION = YES;
				CLANG_WARN_NON_LITERAL_NULL_CONVERSION = YES;
				CLANG_WARN_OBJC_IMPLICIT_RETAIN_SELF = YES;
				CLANG_WARN_OBJC_LITERAL_CONVERSION = YES;
				CLANG_WARN_OBJC_ROOT_CLASS = YES_ERROR;
				CLANG_WARN_RANGE_LOOP_ANALYSIS = YES;
				CLANG_WARN_STRICT_PROTOTYPES = YES;
				CLANG_WARN_SUSPICIOUS_MOVE = YES;
				CLANG_WARN_UNGUARDED_AVAILABILITY = YES_AGGRESSIVE;
				CLANG_WARN_UNREACHABLE_CODE = YES;
				CLANG_WARN__DUPLICATE_METHOD_MATCH = YES;
				CODE_SIGN_IDENTITY = "iPhone Developer";
				COPY_PHASE_STRIP = NO;
				DEBUG_INFORMATION_FORMAT = "dwarf-with-dsym";
				ENABLE_NS_ASSERTIONS = NO;
				ENABLE_STRICT_OBJC_MSGSEND = YES;
				GCC_C_LANGUAGE_STANDARD = gnu11;
				GCC_NO_COMMON_BLOCKS = YES;
				GCC_WARN_64_TO_32_BIT_CONVERSION = YES;
				GCC_WARN_ABOUT_RETURN_TYPE = YES_ERROR;
				GCC_WARN_UNDECLARED_SELECTOR = YES;
				GCC_WARN_UNINITIALIZED_AUTOS = YES_AGGRESSIVE;
				GCC_WARN_UNUSED_FUNCTION = YES;
				GCC_WARN_UNUSED_VARIABLE = YES;
				IPHONEOS_DEPLOYMENT_TARGET = 12.2;
				MTL_ENABLE_DEBUG_INFO = NO;
				MTL_FAST_MATH = YES;
				SDKROOT = iphoneos;
				SWIFT_COMPILATION_MODE = wholemodule;
				SWIFT_OPTIMIZATION_LEVEL = "-O";
				SWIFT_VERSION = 4.2;
				VALIDATE_PRODUCT = YES;
			};
			name = Release;
		};
		31CE402922B0E2AA00EEAF78 /* Debug */ = {
			isa = XCBuildConfiguration;
			baseConfigurationReference = 1E22FA57BC449116BC77D138 /* Pods-Harrastuspassi.debug.xcconfig */;
			buildSettings = {
				ASSETCATALOG_COMPILER_APPICON_NAME = AppIcon;
				CODE_SIGN_IDENTITY = "iPhone Developer";
				CODE_SIGN_STYLE = Automatic;
				DEVELOPMENT_TEAM = 3P656WGXFZ;
				INFOPLIST_FILE = Harrastuspassi/Info.plist;
				IPHONEOS_DEPLOYMENT_TARGET = 12.1;
				LD_RUNPATH_SEARCH_PATHS = (
					"$(inherited)",
					"@executable_path/Frameworks",
				);
				ONLY_ACTIVE_ARCH = NO;
				PRODUCT_BUNDLE_IDENTIFIER = fi.haltu.harrastuspassi;
				PRODUCT_NAME = "$(TARGET_NAME)";
				PROVISIONING_PROFILE_SPECIFIER = "";
				SWIFT_VERSION = 5.0;
				TARGETED_DEVICE_FAMILY = "1,2";
			};
			name = Debug;
		};
		31CE402A22B0E2AA00EEAF78 /* Release */ = {
			isa = XCBuildConfiguration;
			baseConfigurationReference = 5D7ACE3BCF49CC1E3F90F1F9 /* Pods-Harrastuspassi.release.xcconfig */;
			buildSettings = {
				ASSETCATALOG_COMPILER_APPICON_NAME = AppIcon;
				CODE_SIGN_IDENTITY = "iPhone Developer";
				CODE_SIGN_STYLE = Automatic;
				DEVELOPMENT_TEAM = 3P656WGXFZ;
				INFOPLIST_FILE = Harrastuspassi/Info.plist;
				IPHONEOS_DEPLOYMENT_TARGET = 12.1;
				LD_RUNPATH_SEARCH_PATHS = (
					"$(inherited)",
					"@executable_path/Frameworks",
				);
				ONLY_ACTIVE_ARCH = YES;
				PRODUCT_BUNDLE_IDENTIFIER = fi.haltu.harrastuspassi;
				PRODUCT_NAME = "$(TARGET_NAME)";
				PROVISIONING_PROFILE_SPECIFIER = "";
				SWIFT_VERSION = 5.0;
				TARGETED_DEVICE_FAMILY = "1,2";
			};
			name = Release;
		};
		31CE402C22B0E2AA00EEAF78 /* Debug */ = {
			isa = XCBuildConfiguration;
			buildSettings = {
				ALWAYS_EMBED_SWIFT_STANDARD_LIBRARIES = YES;
				BUNDLE_LOADER = "$(TEST_HOST)";
				CODE_SIGN_STYLE = Automatic;
				DEVELOPMENT_TEAM = 3P656WGXFZ;
				INFOPLIST_FILE = HarrastuspassiTests/Info.plist;
				LD_RUNPATH_SEARCH_PATHS = (
					"$(inherited)",
					"@executable_path/Frameworks",
					"@loader_path/Frameworks",
				);
				PRODUCT_BUNDLE_IDENTIFIER = fi.haltu.HarrastuspassiTests;
				PRODUCT_NAME = "$(TARGET_NAME)";
				SWIFT_VERSION = 5.0;
				TARGETED_DEVICE_FAMILY = "1,2";
				TEST_HOST = "$(BUILT_PRODUCTS_DIR)/Harrastuspassi.app/Harrastuspassi";
			};
			name = Debug;
		};
		31CE402D22B0E2AA00EEAF78 /* Release */ = {
			isa = XCBuildConfiguration;
			buildSettings = {
				ALWAYS_EMBED_SWIFT_STANDARD_LIBRARIES = YES;
				BUNDLE_LOADER = "$(TEST_HOST)";
				CODE_SIGN_STYLE = Automatic;
				DEVELOPMENT_TEAM = 3P656WGXFZ;
				INFOPLIST_FILE = HarrastuspassiTests/Info.plist;
				LD_RUNPATH_SEARCH_PATHS = (
					"$(inherited)",
					"@executable_path/Frameworks",
					"@loader_path/Frameworks",
				);
				PRODUCT_BUNDLE_IDENTIFIER = fi.haltu.HarrastuspassiTests;
				PRODUCT_NAME = "$(TARGET_NAME)";
				SWIFT_VERSION = 5.0;
				TARGETED_DEVICE_FAMILY = "1,2";
				TEST_HOST = "$(BUILT_PRODUCTS_DIR)/Harrastuspassi.app/Harrastuspassi";
			};
			name = Release;
		};
		31CE402F22B0E2AA00EEAF78 /* Debug */ = {
			isa = XCBuildConfiguration;
			buildSettings = {
				ALWAYS_EMBED_SWIFT_STANDARD_LIBRARIES = YES;
				CODE_SIGN_STYLE = Automatic;
				DEVELOPMENT_TEAM = 3P656WGXFZ;
				INFOPLIST_FILE = HarrastuspassiUITests/Info.plist;
				LD_RUNPATH_SEARCH_PATHS = (
					"$(inherited)",
					"@executable_path/Frameworks",
					"@loader_path/Frameworks",
				);
				PRODUCT_BUNDLE_IDENTIFIER = fi.haltu.HarrastuspassiUITests;
				PRODUCT_NAME = "$(TARGET_NAME)";
				SWIFT_VERSION = 5.0;
				TARGETED_DEVICE_FAMILY = "1,2";
				TEST_TARGET_NAME = Harrastuspassi;
			};
			name = Debug;
		};
		31CE403022B0E2AA00EEAF78 /* Release */ = {
			isa = XCBuildConfiguration;
			buildSettings = {
				ALWAYS_EMBED_SWIFT_STANDARD_LIBRARIES = YES;
				CODE_SIGN_STYLE = Automatic;
				DEVELOPMENT_TEAM = 3P656WGXFZ;
				INFOPLIST_FILE = HarrastuspassiUITests/Info.plist;
				LD_RUNPATH_SEARCH_PATHS = (
					"$(inherited)",
					"@executable_path/Frameworks",
					"@loader_path/Frameworks",
				);
				PRODUCT_BUNDLE_IDENTIFIER = fi.haltu.HarrastuspassiUITests;
				PRODUCT_NAME = "$(TARGET_NAME)";
				SWIFT_VERSION = 5.0;
				TARGETED_DEVICE_FAMILY = "1,2";
				TEST_TARGET_NAME = Harrastuspassi;
			};
			name = Release;
		};
/* End XCBuildConfiguration section */

/* Begin XCConfigurationList section */
		31CE3FF922B0E2A700EEAF78 /* Build configuration list for PBXProject "Harrastuspassi" */ = {
			isa = XCConfigurationList;
			buildConfigurations = (
				31CE402622B0E2AA00EEAF78 /* Debug */,
				31CE402722B0E2AA00EEAF78 /* Release */,
			);
			defaultConfigurationIsVisible = 0;
			defaultConfigurationName = Release;
		};
		31CE402822B0E2AA00EEAF78 /* Build configuration list for PBXNativeTarget "Harrastuspassi" */ = {
			isa = XCConfigurationList;
			buildConfigurations = (
				31CE402922B0E2AA00EEAF78 /* Debug */,
				31CE402A22B0E2AA00EEAF78 /* Release */,
			);
			defaultConfigurationIsVisible = 0;
			defaultConfigurationName = Release;
		};
		31CE402B22B0E2AA00EEAF78 /* Build configuration list for PBXNativeTarget "HarrastuspassiTests" */ = {
			isa = XCConfigurationList;
			buildConfigurations = (
				31CE402C22B0E2AA00EEAF78 /* Debug */,
				31CE402D22B0E2AA00EEAF78 /* Release */,
			);
			defaultConfigurationIsVisible = 0;
			defaultConfigurationName = Release;
		};
		31CE402E22B0E2AA00EEAF78 /* Build configuration list for PBXNativeTarget "HarrastuspassiUITests" */ = {
			isa = XCConfigurationList;
			buildConfigurations = (
				31CE402F22B0E2AA00EEAF78 /* Debug */,
				31CE403022B0E2AA00EEAF78 /* Release */,
			);
			defaultConfigurationIsVisible = 0;
			defaultConfigurationName = Release;
		};
/* End XCConfigurationList section */
	};
	rootObject = 31CE3FF622B0E2A700EEAF78 /* Project object */;
}
