PODS:
  - GoogleMaps (3.3.0):
    - GoogleMaps/Maps (= 3.3.0)
  - GoogleMaps/Base (3.3.0)
  - GoogleMaps/Maps (3.3.0):
    - GoogleMaps/Base
  - GooglePlaces (3.3.0):
    - GoogleMaps/Base (= 3.3.0)
  - Hero (1.4.0)

DEPENDENCIES:
  - GoogleMaps
  - GooglePlaces
  - Hero

SPEC REPOS:
  https://github.com/cocoapods/specs.git:
    - GoogleMaps
    - GooglePlaces
    - Hero

SPEC CHECKSUMS:
  GoogleMaps: cfee83da305b9aaeccf92c24ac79df11c3003492
  GooglePlaces: 1e2a87bd9efee9623ee65d44ecc35ebfecd7b13c
  Hero: bac92350d7201a1a940003e0767c7b52ce7c99a1

PODFILE CHECKSUM: 2e9e299b44443d9f34bec5b0ce9111c531aa7f3e

COCOAPODS: 1.5.3
